// !$*UTF8*$!
{
	archiveVersion = 1;
	classes = {
	};
	objectVersion = 46;
	objects = {

/* Begin PBXBuildFile section */
		B3ABE1231DE7CD9E00239795 /* main.m in Sources */ = {isa = PBXBuildFile; fileRef = B3ABE1221DE7CD9E00239795 /* main.m */; };
		B3ABE1261DE7CD9E00239795 /* AppDelegate.m in Sources */ = {isa = PBXBuildFile; fileRef = B3ABE1251DE7CD9E00239795 /* AppDelegate.m */; };
		B3ABE1291DE7CD9E00239795 /* ViewController.m in Sources */ = {isa = PBXBuildFile; fileRef = B3ABE1281DE7CD9E00239795 /* ViewController.m */; };
		B3ABE12C1DE7CD9E00239795 /* Main.storyboard in Resources */ = {isa = PBXBuildFile; fileRef = B3ABE12A1DE7CD9E00239795 /* Main.storyboard */; };
		B3ABE12E1DE7CD9E00239795 /* Assets.xcassets in Resources */ = {isa = PBXBuildFile; fileRef = B3ABE12D1DE7CD9E00239795 /* Assets.xcassets */; };
		B3ABE1311DE7CD9E00239795 /* LaunchScreen.storyboard in Resources */ = {isa = PBXBuildFile; fileRef = B3ABE12F1DE7CD9E00239795 /* LaunchScreen.storyboard */; };
		B3ABE13A1DE7CECE00239795 /* MapKit.framework in Frameworks */ = {isa = PBXBuildFile; fileRef = B3ABE1391DE7CECE00239795 /* MapKit.framework */; };
		B3ABE13D1DE7DA1B00239795 /* PinAnnotation.m in Sources */ = {isa = PBXBuildFile; fileRef = B3ABE13C1DE7DA1B00239795 /* PinAnnotation.m */; };
/* End PBXBuildFile section */

/* Begin PBXFileReference section */
		B3ABE11E1DE7CD9D00239795 /* Map-C.app */ = {isa = PBXFileReference; explicitFileType = wrapper.application; includeInIndex = 0; path = "Map-C.app"; sourceTree = BUILT_PRODUCTS_DIR; };
		B3ABE1221DE7CD9E00239795 /* main.m */ = {isa = PBXFileReference; lastKnownFileType = sourcecode.c.objc; path = main.m; sourceTree = "<group>"; };
		B3ABE1241DE7CD9E00239795 /* AppDelegate.h */ = {isa = PBXFileReference; lastKnownFileType = sourcecode.c.h; path = AppDelegate.h; sourceTree = "<group>"; };
		B3ABE1251DE7CD9E00239795 /* AppDelegate.m */ = {isa = PBXFileReference; lastKnownFileType = sourcecode.c.objc; path = AppDelegate.m; sourceTree = "<group>"; };
		B3ABE1271DE7CD9E00239795 /* ViewController.h */ = {isa = PBXFileReference; lastKnownFileType = sourcecode.c.h; path = ViewController.h; sourceTree = "<group>"; };
		B3ABE1281DE7CD9E00239795 /* ViewController.m */ = {isa = PBXFileReference; lastKnownFileType = sourcecode.c.objc; path = ViewController.m; sourceTree = "<group>"; };
		B3ABE12B1DE7CD9E00239795 /* Base */ = {isa = PBXFileReference; lastKnownFileType = file.storyboard; name = Base; path = Base.lproj/Main.storyboard; sourceTree = "<group>"; };
		B3ABE12D1DE7CD9E00239795 /* Assets.xcassets */ = {isa = PBXFileReference; lastKnownFileType = folder.assetcatalog; path = Assets.xcassets; sourceTree = "<group>"; };
		B3ABE1301DE7CD9E00239795 /* Base */ = {isa = PBXFileReference; lastKnownFileType = file.storyboard; name = Base; path = Base.lproj/LaunchScreen.storyboard; sourceTree = "<group>"; };
		B3ABE1321DE7CD9E00239795 /* Info.plist */ = {isa = PBXFileReference; lastKnownFileType = text.plist.xml; path = Info.plist; sourceTree = "<group>"; };
		B3ABE1391DE7CECE00239795 /* MapKit.framework */ = {isa = PBXFileReference; lastKnownFileType = wrapper.framework; name = MapKit.framework; path = System/Library/Frameworks/MapKit.framework; sourceTree = SDKROOT; };
		B3ABE13B1DE7DA1B00239795 /* PinAnnotation.h */ = {isa = PBXFileReference; fileEncoding = 4; lastKnownFileType = sourcecode.c.h; path = PinAnnotation.h; sourceTree = "<group>"; };
		B3ABE13C1DE7DA1B00239795 /* PinAnnotation.m */ = {isa = PBXFileReference; fileEncoding = 4; lastKnownFileType = sourcecode.c.objc; path = PinAnnotation.m; sourceTree = "<group>"; };
/* End PBXFileReference section */

/* Begin PBXFrameworksBuildPhase section */
		B3ABE11B1DE7CD9D00239795 /* Frameworks */ = {
			isa = PBXFrameworksBuildPhase;
			buildActionMask = 2147483647;
			files = (
				B3ABE13A1DE7CECE00239795 /* MapKit.framework in Frameworks */,
			);
			runOnlyForDeploymentPostprocessing = 0;
		};
/* End PBXFrameworksBuildPhase section */

/* Begin PBXGroup section */
		B3ABE1151DE7CD9D00239795 = {
			isa = PBXGroup;
			children = (
				B3ABE1201DE7CD9E00239795 /* Map-C */,
				B3ABE11F1DE7CD9E00239795 /* Products */,
				B3ABE1381DE7CECE00239795 /* Frameworks */,
			);
			sourceTree = "<group>";
		};
		B3ABE11F1DE7CD9E00239795 /* Products */ = {
			isa = PBXGroup;
			children = (
				B3ABE11E1DE7CD9D00239795 /* Map-C.app */,
			);
			name = Products;
			sourceTree = "<group>";
		};
		B3ABE1201DE7CD9E00239795 /* Map-C */ = {
			isa = PBXGroup;
			children = (
				B3ABE1241DE7CD9E00239795 /* AppDelegate.h */,
				B3ABE1251DE7CD9E00239795 /* AppDelegate.m */,
				B3ABE1271DE7CD9E00239795 /* ViewController.h */,
				B3ABE1281DE7CD9E00239795 /* ViewController.m */,
				B3ABE12A1DE7CD9E00239795 /* Main.storyboard */,
				B3ABE12D1DE7CD9E00239795 /* Assets.xcassets */,
				B3ABE12F1DE7CD9E00239795 /* LaunchScreen.storyboard */,
				B3ABE1321DE7CD9E00239795 /* Info.plist */,
				B3ABE1211DE7CD9E00239795 /* Supporting Files */,
				B3ABE13B1DE7DA1B00239795 /* PinAnnotation.h */,
				B3ABE13C1DE7DA1B00239795 /* PinAnnotation.m */,
			);
			path = "Map-C";
			sourceTree = "<group>";
		};
		B3ABE1211DE7CD9E00239795 /* Supporting Files */ = {
			isa = PBXGroup;
			children = (
				B3ABE1221DE7CD9E00239795 /* main.m */,
			);
			name = "Supporting Files";
			sourceTree = "<group>";
		};
		B3ABE1381DE7CECE00239795 /* Frameworks */ = {
			isa = PBXGroup;
			children = (
				B3ABE1391DE7CECE00239795 /* MapKit.framework */,
			);
			name = Frameworks;
			sourceTree = "<group>";
		};
/* End PBXGroup section */

/* Begin PBXNativeTarget section */
		B3ABE11D1DE7CD9D00239795 /* Map-C */ = {
			isa = PBXNativeTarget;
			buildConfigurationList = B3ABE1351DE7CD9E00239795 /* Build configuration list for PBXNativeTarget "Map-C" */;
			buildPhases = (
				B3ABE11A1DE7CD9D00239795 /* Sources */,
				B3ABE11B1DE7CD9D00239795 /* Frameworks */,
				B3ABE11C1DE7CD9D00239795 /* Resources */,
			);
			buildRules = (
			);
			dependencies = (
			);
			name = "Map-C";
			productName = "Map-C";
			productReference = B3ABE11E1DE7CD9D00239795 /* Map-C.app */;
			productType = "com.apple.product-type.application";
		};
/* End PBXNativeTarget section */

/* Begin PBXProject section */
		B3ABE1161DE7CD9D00239795 /* Project object */ = {
			isa = PBXProject;
			attributes = {
				LastUpgradeCheck = 0810;
				ORGANIZATIONNAME = Rui;
				TargetAttributes = {
					B3ABE11D1DE7CD9D00239795 = {
						CreatedOnToolsVersion = 8.1;
						ProvisioningStyle = Automatic;
						SystemCapabilities = {
							com.apple.Maps.iOS = {
								enabled = 1;
							};
						};
					};
				};
			};
			buildConfigurationList = B3ABE1191DE7CD9D00239795 /* Build configuration list for PBXProject "Map-C" */;
			compatibilityVersion = "Xcode 3.2";
			developmentRegion = English;
			hasScannedForEncodings = 0;
			knownRegions = (
				en,
				Base,
			);
			mainGroup = B3ABE1151DE7CD9D00239795;
			productRefGroup = B3ABE11F1DE7CD9E00239795 /* Products */;
			projectDirPath = "";
			projectRoot = "";
			targets = (
				B3ABE11D1DE7CD9D00239795 /* Map-C */,
			);
		};
/* End PBXProject section */

/* Begin PBXResourcesBuildPhase section */
		B3ABE11C1DE7CD9D00239795 /* Resources */ = {
			isa = PBXResourcesBuildPhase;
			buildActionMask = 2147483647;
			files = (
				B3ABE1311DE7CD9E00239795 /* LaunchScreen.storyboard in Resources */,
				B3ABE12E1DE7CD9E00239795 /* Assets.xcassets in Resources */,
				B3ABE12C1DE7CD9E00239795 /* Main.storyboard in Resources */,
			);
			runOnlyForDeploymentPostprocessing = 0;
		};
/* End PBXResourcesBuildPhase section */

/* Begin PBXSourcesBuildPhase section */
		B3ABE11A1DE7CD9D00239795 /* Sources */ = {
			isa = PBXSourcesBuildPhase;
			buildActionMask = 2147483647;
			files = (
				B3ABE13D1DE7DA1B00239795 /* PinAnnotation.m in Sources */,
				B3ABE1291DE7CD9E00239795 /* ViewController.m in Sources */,
				B3ABE1261DE7CD9E00239795 /* AppDelegate.m in Sources */,
				B3ABE1231DE7CD9E00239795 /* main.m in Sources */,
			);
			runOnlyForDeploymentPostprocessing = 0;
		};
/* End PBXSourcesBuildPhase section */

/* Begin PBXVariantGroup section */
		B3ABE12A1DE7CD9E00239795 /* Main.storyboard */ = {
			isa = PBXVariantGroup;
			children = (
				B3ABE12B1DE7CD9E00239795 /* Base */,
			);
			name = Main.storyboard;
			sourceTree = "<group>";
		};
		B3ABE12F1DE7CD9E00239795 /* LaunchScreen.storyboard */ = {
			isa = PBXVariantGroup;
			children = (
				B3ABE1301DE7CD9E00239795 /* Base */,
			);
			name = LaunchScreen.storyboard;
			sourceTree = "<group>";
		};
/* End PBXVariantGroup section */

/* Begin XCBuildConfiguration section */
		B3ABE1331DE7CD9E00239795 /* Debug */ = {
			isa = XCBuildConfiguration;
			buildSettings = {
				ALWAYS_SEARCH_USER_PATHS = NO;
				CLANG_ANALYZER_NONNULL = YES;
				CLANG_CXX_LANGUAGE_STANDARD = "gnu++0x";
				CLANG_CXX_LIBRARY = "libc++";
				CLANG_ENABLE_MODULES = YES;
				CLANG_ENABLE_OBJC_ARC = YES;
				CLANG_WARN_BOOL_CONVERSION = YES;
				CLANG_WARN_CONSTANT_CONVERSION = YES;
				CLANG_WARN_DIRECT_OBJC_ISA_USAGE = YES_ERROR;
				CLANG_WARN_DOCUMENTATION_COMMENTS = YES;
				CLANG_WARN_EMPTY_BODY = YES;
				CLANG_WARN_ENUM_CONVERSION = YES;
				CLANG_WARN_INFINITE_RECURSION = YES;
				CLANG_WARN_INT_CONVERSION = YES;
				CLANG_WARN_OBJC_ROOT_CLASS = YES_ERROR;
				CLANG_WARN_SUSPICIOUS_MOVES = YES;
				CLANG_WARN_UNREACHABLE_CODE = YES;
				CLANG_WARN__DUPLICATE_METHOD_MATCH = YES;
				"CODE_SIGN_IDENTITY[sdk=iphoneos*]" = "iPhone Developer";
				COPY_PHASE_STRIP = NO;
				DEBUG_INFORMATION_FORMAT = dwarf;
				ENABLE_STRICT_OBJC_MSGSEND = YES;
				ENABLE_TESTABILITY = YES;
				GCC_C_LANGUAGE_STANDARD = gnu99;
				GCC_DYNAMIC_NO_PIC = NO;
				GCC_NO_COMMON_BLOCKS = YES;
				GCC_OPTIMIZATION_LEVEL = 0;
				GCC_PREPROCESSOR_DEFINITIONS = (
					"DEBUG=1",
					"$(inherited)",
				);
				GCC_WARN_64_TO_32_BIT_CONVERSION = YES;
				GCC_WARN_ABOUT_RETURN_TYPE = YES_ERROR;
				GCC_WARN_UNDECLARED_SELECTOR = YES;
				GCC_WARN_UNINITIALIZED_AUTOS = YES_AGGRESSIVE;
				GCC_WARN_UNUSED_FUNCTION = YES;
				GCC_WARN_UNUSED_VARIABLE = YES;
				IPHONEOS_DEPLOYMENT_TARGET = 10.1;
				MTL_ENABLE_DEBUG_INFO = YES;
				ONLY_ACTIVE_ARCH = YES;
				SDKROOT = iphoneos;
			};
			name = Debug;
		};
		B3ABE1341DE7CD9E00239795 /* Release */ = {
			isa = XCBuildConfiguration;
			buildSettings = {
				ALWAYS_SEARCH_USER_PATHS = NO;
				CLANG_ANALYZER_NONNULL = YES;
				CLANG_CXX_LANGUAGE_STANDARD = "gnu++0x";
				CLANG_CXX_LIBRARY = "libc++";
				CLANG_ENABLE_MODULES = YES;
				CLANG_ENABLE_OBJC_ARC = YES;
				CLANG_WARN_BOOL_CONVERSION = YES;
				CLANG_WARN_CONSTANT_CONVERSION = YES;
				CLANG_WARN_DIRECT_OBJC_ISA_USAGE = YES_ERROR;
				CLANG_WARN_DOCUMENTATION_COMMENTS = YES;
				CLANG_WARN_EMPTY_BODY = YES;
				CLANG_WARN_ENUM_CONVERSION = YES;
				CLANG_WARN_INFINITE_RECURSION = YES;
				CLANG_WARN_INT_CONVERSION = YES;
				CLANG_WARN_OBJC_ROOT_CLASS = YES_ERROR;
				CLANG_WARN_SUSPICIOUS_MOVES = YES;
				CLANG_WARN_UNREACHABLE_CODE = YES;
				CLANG_WARN__DUPLICATE_METHOD_MATCH = YES;
				"CODE_SIGN_IDENTITY[sdk=iphoneos*]" = "iPhone Developer";
				COPY_PHASE_STRIP = NO;
				DEBUG_INFORMATION_FORMAT = "dwarf-with-dsym";
				ENABLE_NS_ASSERTIONS = NO;
				ENABLE_STRICT_OBJC_MSGSEND = YES;
				GCC_C_LANGUAGE_STANDARD = gnu99;
				GCC_NO_COMMON_BLOCKS = YES;
				GCC_WARN_64_TO_32_BIT_CONVERSION = YES;
				GCC_WARN_ABOUT_RETURN_TYPE = YES_ERROR;
				GCC_WARN_UNDECLARED_SELECTOR = YES;
				GCC_WARN_UNINITIALIZED_AUTOS = YES_AGGRESSIVE;
				GCC_WARN_UNUSED_FUNCTION = YES;
				GCC_WARN_UNUSED_VARIABLE = YES;
				IPHONEOS_DEPLOYMENT_TARGET = 10.1;
				MTL_ENABLE_DEBUG_INFO = NO;
				SDKROOT = iphoneos;
				VALIDATE_PRODUCT = YES;
			};
			name = Release;
		};
		B3ABE1361DE7CD9E00239795 /* Debug */ = {
			isa = XCBuildConfiguration;
			buildSettings = {
				ASSETCATALOG_COMPILER_APPICON_NAME = AppIcon;
				INFOPLIST_FILE = "Map-C/Info.plist";
				LD_RUNPATH_SEARCH_PATHS = "$(inherited) @executable_path/Frameworks";
				PRODUCT_BUNDLE_IDENTIFIER = "com.example.Map-C";
				PRODUCT_NAME = "$(TARGET_NAME)";
			};
			name = Debug;
		};
		B3ABE1371DE7CD9E00239795 /* Release */ = {
			isa = XCBuildConfiguration;
			buildSettings = {
				ASSETCATALOG_COMPILER_APPICON_NAME = AppIcon;
				INFOPLIST_FILE = "Map-C/Info.plist";
				LD_RUNPATH_SEARCH_PATHS = "$(inherited) @executable_path/Frameworks";
				PRODUCT_BUNDLE_IDENTIFIER = "com.example.Map-C";
				PRODUCT_NAME = "$(TARGET_NAME)";
			};
			name = Release;
		};
/* End XCBuildConfiguration section */

/* Begin XCConfigurationList section */
		B3ABE1191DE7CD9D00239795 /* Build configuration list for PBXProject "Map-C" */ = {
			isa = XCConfigurationList;
			buildConfigurations = (
				B3ABE1331DE7CD9E00239795 /* Debug */,
				B3ABE1341DE7CD9E00239795 /* Release */,
			);
			defaultConfigurationIsVisible = 0;
			defaultConfigurationName = Release;
		};
		B3ABE1351DE7CD9E00239795 /* Build configuration list for PBXNativeTarget "Map-C" */ = {
			isa = XCConfigurationList;
			buildConfigurations = (
				B3ABE1361DE7CD9E00239795 /* Debug */,
				B3ABE1371DE7CD9E00239795 /* Release */,
			);
			defaultConfigurationIsVisible = 0;
		};
/* End XCConfigurationList section */
	};
	rootObject = B3ABE1161DE7CD9D00239795 /* Project object */;
}
